// !$*UTF8*$!
{
	archiveVersion = 1;
	classes = {
	};
	objectVersion = 50;
	objects = {

/* Begin PBXBuildFile section */
		70343CC821FB41CA007A1FC3 /* AppDelegate.swift in Sources */ = {isa = PBXBuildFile; fileRef = 70343CC721FB41CA007A1FC3 /* AppDelegate.swift */; };
		70343CCA21FB41CA007A1FC3 /* ViewController.swift in Sources */ = {isa = PBXBuildFile; fileRef = 70343CC921FB41CA007A1FC3 /* ViewController.swift */; };
		70343CCD21FB41CA007A1FC3 /* Main.storyboard in Resources */ = {isa = PBXBuildFile; fileRef = 70343CCB21FB41CA007A1FC3 /* Main.storyboard */; };
		70343CCF21FB41CC007A1FC3 /* Assets.xcassets in Resources */ = {isa = PBXBuildFile; fileRef = 70343CCE21FB41CC007A1FC3 /* Assets.xcassets */; };
		70343CD221FB41CC007A1FC3 /* LaunchScreen.storyboard in Resources */ = {isa = PBXBuildFile; fileRef = 70343CD021FB41CC007A1FC3 /* LaunchScreen.storyboard */; };
/* End PBXBuildFile section */

/* Begin PBXFileReference section */
		70343CC421FB41CA007A1FC3 /* ColliderWatcher.app */ = {isa = PBXFileReference; explicitFileType = wrapper.application; includeInIndex = 0; path = ColliderWatcher.app; sourceTree = BUILT_PRODUCTS_DIR; };
		70343CC721FB41CA007A1FC3 /* AppDelegate.swift */ = {isa = PBXFileReference; lastKnownFileType = sourcecode.swift; path = AppDelegate.swift; sourceTree = "<group>"; };
		70343CC921FB41CA007A1FC3 /* ViewController.swift */ = {isa = PBXFileReference; lastKnownFileType = sourcecode.swift; path = ViewController.swift; sourceTree = "<group>"; };
		70343CCC21FB41CA007A1FC3 /* Base */ = {isa = PBXFileReference; lastKnownFileType = file.storyboard; name = Base; path = Base.lproj/Main.storyboard; sourceTree = "<group>"; };
		70343CCE21FB41CC007A1FC3 /* Assets.xcassets */ = {isa = PBXFileReference; lastKnownFileType = folder.assetcatalog; path = Assets.xcassets; sourceTree = "<group>"; };
		70343CD121FB41CC007A1FC3 /* Base */ = {isa = PBXFileReference; lastKnownFileType = file.storyboard; name = Base; path = Base.lproj/LaunchScreen.storyboard; sourceTree = "<group>"; };
		70343CD321FB41CC007A1FC3 /* Info.plist */ = {isa = PBXFileReference; lastKnownFileType = text.plist.xml; path = Info.plist; sourceTree = "<group>"; };
		70343CD921FB43D1007A1FC3 /* rubber.regular.ttf */ = {isa = PBXFileReference; lastKnownFileType = file; path = rubber.regular.ttf; sourceTree = "<group>"; };
		70655C1021FCDDE000EED4B2 /* ColliderWatcher.entitlements */ = {isa = PBXFileReference; lastKnownFileType = text.plist.entitlements; path = ColliderWatcher.entitlements; sourceTree = "<group>"; };
/* End PBXFileReference section */

/* Begin PBXFrameworksBuildPhase section */
		70343CC121FB41CA007A1FC3 /* Frameworks */ = {
			isa = PBXFrameworksBuildPhase;
			buildActionMask = 2147483647;
			files = (
			);
			runOnlyForDeploymentPostprocessing = 0;
		};
/* End PBXFrameworksBuildPhase section */

/* Begin PBXGroup section */
		70343CBB21FB41CA007A1FC3 = {
			isa = PBXGroup;
			children = (
				70343CC621FB41CA007A1FC3 /* ColliderWatcher */,
				70343CC521FB41CA007A1FC3 /* Products */,
			);
			sourceTree = "<group>";
		};
		70343CC521FB41CA007A1FC3 /* Products */ = {
			isa = PBXGroup;
			children = (
				70343CC421FB41CA007A1FC3 /* ColliderWatcher.app */,
			);
			name = Products;
			sourceTree = "<group>";
		};
		70343CC621FB41CA007A1FC3 /* ColliderWatcher */ = {
			isa = PBXGroup;
			children = (
				70655C1021FCDDE000EED4B2 /* ColliderWatcher.entitlements */,
				70343CD921FB43D1007A1FC3 /* rubber.regular.ttf */,
				70343CC721FB41CA007A1FC3 /* AppDelegate.swift */,
				70343CC921FB41CA007A1FC3 /* ViewController.swift */,
				70343CCB21FB41CA007A1FC3 /* Main.storyboard */,
				70343CCE21FB41CC007A1FC3 /* Assets.xcassets */,
				70343CD021FB41CC007A1FC3 /* LaunchScreen.storyboard */,
				70343CD321FB41CC007A1FC3 /* Info.plist */,
			);
			path = ColliderWatcher;
			sourceTree = "<group>";
		};
/* End PBXGroup section */

/* Begin PBXNativeTarget section */
		70343CC321FB41CA007A1FC3 /* ColliderWatcher */ = {
			isa = PBXNativeTarget;
			buildConfigurationList = 70343CD621FB41CC007A1FC3 /* Build configuration list for PBXNativeTarget "ColliderWatcher" */;
			buildPhases = (
				70343CC021FB41CA007A1FC3 /* Sources */,
				70343CC121FB41CA007A1FC3 /* Frameworks */,
				70343CC221FB41CA007A1FC3 /* Resources */,
			);
			buildRules = (
			);
			dependencies = (
			);
			name = ColliderWatcher;
			productName = ColliderWatcher;
			productReference = 70343CC421FB41CA007A1FC3 /* ColliderWatcher.app */;
			productType = "com.apple.product-type.application";
		};
/* End PBXNativeTarget section */

/* Begin PBXProject section */
		70343CBC21FB41CA007A1FC3 /* Project object */ = {
			isa = PBXProject;
			attributes = {
				LastSwiftUpdateCheck = 1010;
				LastUpgradeCheck = 1010;
				ORGANIZATIONNAME = Collider;
				TargetAttributes = {
					70343CC321FB41CA007A1FC3 = {
						CreatedOnToolsVersion = 10.1;
						SystemCapabilities = {
							com.apple.AccessWiFi = {
								enabled = 1;
							};
						};
					};
				};
			};
			buildConfigurationList = 70343CBF21FB41CA007A1FC3 /* Build configuration list for PBXProject "ColliderWatcher" */;
			compatibilityVersion = "Xcode 9.3";
			developmentRegion = en;
			hasScannedForEncodings = 0;
			knownRegions = (
				en,
				Base,
			);
			mainGroup = 70343CBB21FB41CA007A1FC3;
			productRefGroup = 70343CC521FB41CA007A1FC3 /* Products */;
			projectDirPath = "";
			projectRoot = "";
			targets = (
				70343CC321FB41CA007A1FC3 /* ColliderWatcher */,
			);
		};
/* End PBXProject section */

/* Begin PBXResourcesBuildPhase section */
		70343CC221FB41CA007A1FC3 /* Resources */ = {
			isa = PBXResourcesBuildPhase;
			buildActionMask = 2147483647;
			files = (
				70343CD221FB41CC007A1FC3 /* LaunchScreen.storyboard in Resources */,
				70343CCF21FB41CC007A1FC3 /* Assets.xcassets in Resources */,
				70343CCD21FB41CA007A1FC3 /* Main.storyboard in Resources */,
			);
			runOnlyForDeploymentPostprocessing = 0;
		};
/* End PBXResourcesBuildPhase section */

/* Begin PBXSourcesBuildPhase section */
		70343CC021FB41CA007A1FC3 /* Sources */ = {
			isa = PBXSourcesBuildPhase;
			buildActionMask = 2147483647;
			files = (
				70343CCA21FB41CA007A1FC3 /* ViewController.swift in Sources */,
				70343CC821FB41CA007A1FC3 /* AppDelegate.swift in Sources */,
			);
			runOnlyForDeploymentPostprocessing = 0;
		};
/* End PBXSourcesBuildPhase section */

/* Begin PBXVariantGroup section */
		70343CCB21FB41CA007A1FC3 /* Main.storyboard */ = {
			isa = PBXVariantGroup;
			children = (
				70343CCC21FB41CA007A1FC3 /* Base */,
			);
			name = Main.storyboard;
			sourceTree = "<group>";
		};
		70343CD021FB41CC007A1FC3 /* LaunchScreen.storyboard */ = {
			isa = PBXVariantGroup;
			children = (
				70343CD121FB41CC007A1FC3 /* Base */,
			);
			name = LaunchScreen.storyboard;
			sourceTree = "<group>";
		};
/* End PBXVariantGroup section */

/* Begin XCBuildConfiguration section */
		70343CD421FB41CC007A1FC3 /* Debug */ = {
			isa = XCBuildConfiguration;
			buildSettings = {
				ALWAYS_SEARCH_USER_PATHS = NO;
				CLANG_ANALYZER_NONNULL = YES;
				CLANG_ANALYZER_NUMBER_OBJECT_CONVERSION = YES_AGGRESSIVE;
				CLANG_CXX_LANGUAGE_STANDARD = "gnu++14";
				CLANG_CXX_LIBRARY = "libc++";
				CLANG_ENABLE_MODULES = YES;
				CLANG_ENABLE_OBJC_ARC = YES;
				CLANG_ENABLE_OBJC_WEAK = YES;
				CLANG_WARN_BLOCK_CAPTURE_AUTORELEASING = YES;
				CLANG_WARN_BOOL_CONVERSION = YES;
				CLANG_WARN_COMMA = YES;
				CLANG_WARN_CONSTANT_CONVERSION = YES;
				CLANG_WARN_DEPRECATED_OBJC_IMPLEMENTATIONS = YES;
				CLANG_WARN_DIRECT_OBJC_ISA_USAGE = YES_ERROR;
				CLANG_WARN_DOCUMENTATION_COMMENTS = YES;
				CLANG_WARN_EMPTY_BODY = YES;
				CLANG_WARN_ENUM_CONVERSION = YES;
				CLANG_WARN_INFINITE_RECURSION = YES;
				CLANG_WARN_INT_CONVERSION = YES;
				CLANG_WARN_NON_LITERAL_NULL_CONVERSION = YES;
				CLANG_WARN_OBJC_IMPLICIT_RETAIN_SELF = YES;
				CLANG_WARN_OBJC_LITERAL_CONVERSION = YES;
				CLANG_WARN_OBJC_ROOT_CLASS = YES_ERROR;
				CLANG_WARN_RANGE_LOOP_ANALYSIS = YES;
				CLANG_WARN_STRICT_PROTOTYPES = YES;
				CLANG_WARN_SUSPICIOUS_MOVE = YES;
				CLANG_WARN_UNGUARDED_AVAILABILITY = YES_AGGRESSIVE;
				CLANG_WARN_UNREACHABLE_CODE = YES;
				CLANG_WARN__DUPLICATE_METHOD_MATCH = YES;
				CODE_SIGN_IDENTITY = "iPhone Developer";
				COPY_PHASE_STRIP = NO;
				DEBUG_INFORMATION_FORMAT = dwarf;
				ENABLE_STRICT_OBJC_MSGSEND = YES;
				ENABLE_TESTABILITY = YES;
				GCC_C_LANGUAGE_STANDARD = gnu11;
				GCC_DYNAMIC_NO_PIC = NO;
				GCC_NO_COMMON_BLOCKS = YES;
				GCC_OPTIMIZATION_LEVEL = 0;
				GCC_PREPROCESSOR_DEFINITIONS = (
					"DEBUG=1",
					"$(inherited)",
				);
				GCC_WARN_64_TO_32_BIT_CONVERSION = YES;
				GCC_WARN_ABOUT_RETURN_TYPE = YES_ERROR;
				GCC_WARN_UNDECLARED_SELECTOR = YES;
				GCC_WARN_UNINITIALIZED_AUTOS = YES_AGGRESSIVE;
				GCC_WARN_UNUSED_FUNCTION = YES;
				GCC_WARN_UNUSED_VARIABLE = YES;
				IPHONEOS_DEPLOYMENT_TARGET = 12.1;
				MTL_ENABLE_DEBUG_INFO = INCLUDE_SOURCE;
				MTL_FAST_MATH = YES;
				ONLY_ACTIVE_ARCH = YES;
				SDKROOT = iphoneos;
				SWIFT_ACTIVE_COMPILATION_CONDITIONS = DEBUG;
				SWIFT_OPTIMIZATION_LEVEL = "-Onone";
			};
			name = Debug;
		};
		70343CD521FB41CC007A1FC3 /* Release */ = {
			isa = XCBuildConfiguration;
			buildSettings = {
				ALWAYS_SEARCH_USER_PATHS = NO;
				CLANG_ANALYZER_NONNULL = YES;
				CLANG_ANALYZER_NUMBER_OBJECT_CONVERSION = YES_AGGRESSIVE;
				CLANG_CXX_LANGUAGE_STANDARD = "gnu++14";
				CLANG_CXX_LIBRARY = "libc++";
				CLANG_ENABLE_MODULES = YES;
				CLANG_ENABLE_OBJC_ARC = YES;
				CLANG_ENABLE_OBJC_WEAK = YES;
				CLANG_WARN_BLOCK_CAPTURE_AUTORELEASING = YES;
				CLANG_WARN_BOOL_CONVERSION = YES;
				CLANG_WARN_COMMA = YES;
				CLANG_WARN_CONSTANT_CONVERSION = YES;
				CLANG_WARN_DEPRECATED_OBJC_IMPLEMENTATIONS = YES;
				CLANG_WARN_DIRECT_OBJC_ISA_USAGE = YES_ERROR;
				CLANG_WARN_DOCUMENTATION_COMMENTS = YES;
				CLANG_WARN_EMPTY_BODY = YES;
				CLANG_WARN_ENUM_CONVERSION = YES;
				CLANG_WARN_INFINITE_RECURSION = YES;
				CLANG_WARN_INT_CONVERSION = YES;
				CLANG_WARN_NON_LITERAL_NULL_CONVERSION = YES;
				CLANG_WARN_OBJC_IMPLICIT_RETAIN_SELF = YES;
				CLANG_WARN_OBJC_LITERAL_CONVERSION = YES;
				CLANG_WARN_OBJC_ROOT_CLASS = YES_ERROR;
				CLANG_WARN_RANGE_LOOP_ANALYSIS = YES;
				CLANG_WARN_STRICT_PROTOTYPES = YES;
				CLANG_WARN_SUSPICIOUS_MOVE = YES;
				CLANG_WARN_UNGUARDED_AVAILABILITY = YES_AGGRESSIVE;
				CLANG_WARN_UNREACHABLE_CODE = YES;
				CLANG_WARN__DUPLICATE_METHOD_MATCH = YES;
				CODE_SIGN_IDENTITY = "iPhone Developer";
				COPY_PHASE_STRIP = NO;
				DEBUG_INFORMATION_FORMAT = "dwarf-with-dsym";
				ENABLE_NS_ASSERTIONS = NO;
				ENABLE_STRICT_OBJC_MSGSEND = YES;
				GCC_C_LANGUAGE_STANDARD = gnu11;
				GCC_NO_COMMON_BLOCKS = YES;
				GCC_WARN_64_TO_32_BIT_CONVERSION = YES;
				GCC_WARN_ABOUT_RETURN_TYPE = YES_ERROR;
				GCC_WARN_UNDECLARED_SELECTOR = YES;
				GCC_WARN_UNINITIALIZED_AUTOS = YES_AGGRESSIVE;
				GCC_WARN_UNUSED_FUNCTION = YES;
				GCC_WARN_UNUSED_VARIABLE = YES;
				IPHONEOS_DEPLOYMENT_TARGET = 12.1;
				MTL_ENABLE_DEBUG_INFO = NO;
				MTL_FAST_MATH = YES;
				SDKROOT = iphoneos;
				SWIFT_COMPILATION_MODE = wholemodule;
				SWIFT_OPTIMIZATION_LEVEL = "-O";
				VALIDATE_PRODUCT = YES;
			};
			name = Release;
		};
		70343CD721FB41CC007A1FC3 /* Debug */ = {
			isa = XCBuildConfiguration;
			buildSettings = {
				ASSETCATALOG_COMPILER_APPICON_NAME = AppIcon;
				CODE_SIGN_ENTITLEMENTS = ColliderWatcher/ColliderWatcher.entitlements;
				CODE_SIGN_STYLE = Automatic;
				DEVELOPMENT_TEAM = W9HXCUL7KS;
				INFOPLIST_FILE = ColliderWatcher/Info.plist;
				IPHONEOS_DEPLOYMENT_TARGET = 12.0;
				LD_RUNPATH_SEARCH_PATHS = (
					"$(inherited)",
					"@executable_path/Frameworks",
				);
				PRODUCT_BUNDLE_IDENTIFIER = collider.watcher1;
				PRODUCT_NAME = "$(TARGET_NAME)";
				SWIFT_VERSION = 4.2;
				TARGETED_DEVICE_FAMILY = "1,2";
			};
			name = Debug;
		};
		70343CD821FB41CC007A1FC3 /* Release */ = {
			isa = XCBuildConfiguration;
			buildSettings = {
				ASSETCATALOG_COMPILER_APPICON_NAME = AppIcon;
				CODE_SIGN_ENTITLEMENTS = ColliderWatcher/ColliderWatcher.entitlements;
				CODE_SIGN_STYLE = Automatic;
				DEVELOPMENT_TEAM = W9HXCUL7KS;
				INFOPLIST_FILE = ColliderWatcher/Info.plist;
				IPHONEOS_DEPLOYMENT_TARGET = 12.0;
				LD_RUNPATH_SEARCH_PATHS = (
					"$(inherited)",
					"@executable_path/Frameworks",
				);
				PRODUCT_BUNDLE_IDENTIFIER = collider.watcher1;
				PRODUCT_NAME = "$(TARGET_NAME)";
				SWIFT_VERSION = 4.2;
				TARGETED_DEVICE_FAMILY = "1,2";
			};
			name = Release;
		};
/* End XCBuildConfiguration section */

/* Begin XCConfigurationList section */
		70343CBF21FB41CA007A1FC3 /* Build configuration list for PBXProject "ColliderWatcher" */ = {
			isa = XCConfigurationList;
			buildConfigurations = (
				70343CD421FB41CC007A1FC3 /* Debug */,
				70343CD521FB41CC007A1FC3 /* Release */,
			);
			defaultConfigurationIsVisible = 0;
			defaultConfigurationName = Release;
		};
		70343CD621FB41CC007A1FC3 /* Build configuration list for PBXNativeTarget "ColliderWatcher" */ = {
			isa = XCConfigurationList;
			buildConfigurations = (
				70343CD721FB41CC007A1FC3 /* Debug */,
				70343CD821FB41CC007A1FC3 /* Release */,
			);
			defaultConfigurationIsVisible = 0;
			defaultConfigurationName = Release;
		};
/* End XCConfigurationList section */
	};
	rootObject = 70343CBC21FB41CA007A1FC3 /* Project object */;
}
